
Microsoft Visual Studio Solution File, Format Version 12.00
# Visual Studio 15
VisualStudioVersion = 15.0.26730.10
MinimumVisualStudioVersion = 10.0.40219.1
Project("{FAE04EC0-301F-11D3-BF4B-00C04F79EFBC}") = "Assignment2Point4", "Assignment2Point4\Assignment2Point4.csproj", "{366CA6B9-D8DE-4CF3-B10C-4395E3332464}"
EndProject
Global
	GlobalSection(SolutionConfigurationPlatforms) = preSolution
		Debug|Any CPU = Debug|Any CPU
		Release|Any CPU = Release|Any CPU
	EndGlobalSection
	GlobalSection(ProjectConfigurationPlatforms) = postSolution
		{366CA6B9-D8DE-4CF3-B10C-4395E3332464}.Debug|Any CPU.ActiveCfg = Debug|Any CPU
		{366CA6B9-D8DE-4CF3-B10C-4395E3332464}.Debug|Any CPU.Build.0 = Debug|Any CPU
		{366CA6B9-D8DE-4CF3-B10C-4395E3332464}.Release|Any CPU.ActiveCfg = Release|Any CPU
		{366CA6B9-D8DE-4CF3-B10C-4395E3332464}.Release|Any CPU.Build.0 = Release|Any CPU
	EndGlobalSection
	GlobalSection(SolutionProperties) = preSolution
		HideSolutionNode = FALSE
	EndGlobalSection
	GlobalSection(ExtensibilityGlobals) = postSolution
		SolutionGuid = {A7880286-47BC-46D6-A629-21A68C4B8377}
	EndGlobalSection
EndGlobal
